// !$*UTF8*$!
{
	archiveVersion = 1;
	classes = {
	};
	objectVersion = 46;
	objects = {

/* Begin PBXBuildFile section */
		FA652B3E1AD216F50049752F /* AppDelegate.swift in Sources */ = {isa = PBXBuildFile; fileRef = FA652B3D1AD216F50049752F /* AppDelegate.swift */; };
		FA652B401AD216F50049752F /* RecordSoundsViewController.swift in Sources */ = {isa = PBXBuildFile; fileRef = FA652B3F1AD216F50049752F /* RecordSoundsViewController.swift */; };
		FA652B431AD216F50049752F /* Main.storyboard in Resources */ = {isa = PBXBuildFile; fileRef = FA652B411AD216F50049752F /* Main.storyboard */; };
		FA652B451AD216F50049752F /* Images.xcassets in Resources */ = {isa = PBXBuildFile; fileRef = FA652B441AD216F50049752F /* Images.xcassets */; };
		FA652B481AD216F50049752F /* LaunchScreen.xib in Resources */ = {isa = PBXBuildFile; fileRef = FA652B461AD216F50049752F /* LaunchScreen.xib */; };
		FA652B541AD216F50049752F /* PitchPerfectTests.swift in Sources */ = {isa = PBXBuildFile; fileRef = FA652B531AD216F50049752F /* PitchPerfectTests.swift */; };
		FADF21621AD4AFC400109F29 /* PlaySoundsViewController.swift in Sources */ = {isa = PBXBuildFile; fileRef = FADF21611AD4AFC400109F29 /* PlaySoundsViewController.swift */; };
		FADF21641AD4B1FA00109F29 /* movie_quote.mp3 in Resources */ = {isa = PBXBuildFile; fileRef = FADF21631AD4B1FA00109F29 /* movie_quote.mp3 */; };
/* End PBXBuildFile section */

/* Begin PBXContainerItemProxy section */
		FA652B4E1AD216F50049752F /* PBXContainerItemProxy */ = {
			isa = PBXContainerItemProxy;
			containerPortal = FA652B301AD216F50049752F /* Project object */;
			proxyType = 1;
			remoteGlobalIDString = FA652B371AD216F50049752F;
			remoteInfo = PitchPerfect;
		};
/* End PBXContainerItemProxy section */

/* Begin PBXFileReference section */
		FA652B381AD216F50049752F /* PitchPerfect.app */ = {isa = PBXFileReference; explicitFileType = wrapper.application; includeInIndex = 0; path = PitchPerfect.app; sourceTree = BUILT_PRODUCTS_DIR; };
		FA652B3C1AD216F50049752F /* Info.plist */ = {isa = PBXFileReference; lastKnownFileType = text.plist.xml; path = Info.plist; sourceTree = "<group>"; };
		FA652B3D1AD216F50049752F /* AppDelegate.swift */ = {isa = PBXFileReference; lastKnownFileType = sourcecode.swift; path = AppDelegate.swift; sourceTree = "<group>"; };
		FA652B3F1AD216F50049752F /* RecordSoundsViewController.swift */ = {isa = PBXFileReference; lastKnownFileType = sourcecode.swift; path = RecordSoundsViewController.swift; sourceTree = "<group>"; };
		FA652B421AD216F50049752F /* Base */ = {isa = PBXFileReference; lastKnownFileType = file.storyboard; name = Base; path = Base.lproj/Main.storyboard; sourceTree = "<group>"; };
		FA652B441AD216F50049752F /* Images.xcassets */ = {isa = PBXFileReference; lastKnownFileType = folder.assetcatalog; path = Images.xcassets; sourceTree = "<group>"; };
		FA652B471AD216F50049752F /* Base */ = {isa = PBXFileReference; lastKnownFileType = file.xib; name = Base; path = Base.lproj/LaunchScreen.xib; sourceTree = "<group>"; };
		FA652B4D1AD216F50049752F /* PitchPerfectTests.xctest */ = {isa = PBXFileReference; explicitFileType = wrapper.cfbundle; includeInIndex = 0; path = PitchPerfectTests.xctest; sourceTree = BUILT_PRODUCTS_DIR; };
		FA652B521AD216F50049752F /* Info.plist */ = {isa = PBXFileReference; lastKnownFileType = text.plist.xml; path = Info.plist; sourceTree = "<group>"; };
		FA652B531AD216F50049752F /* PitchPerfectTests.swift */ = {isa = PBXFileReference; lastKnownFileType = sourcecode.swift; path = PitchPerfectTests.swift; sourceTree = "<group>"; };
		FADF21611AD4AFC400109F29 /* PlaySoundsViewController.swift */ = {isa = PBXFileReference; fileEncoding = 4; lastKnownFileType = sourcecode.swift; path = PlaySoundsViewController.swift; sourceTree = "<group>"; };
		FADF21631AD4B1FA00109F29 /* movie_quote.mp3 */ = {isa = PBXFileReference; lastKnownFileType = audio.mp3; path = movie_quote.mp3; sourceTree = "<group>"; };
/* End PBXFileReference section */

/* Begin PBXFrameworksBuildPhase section */
		FA652B351AD216F50049752F /* Frameworks */ = {
			isa = PBXFrameworksBuildPhase;
			buildActionMask = 2147483647;
			files = (
			);
			runOnlyForDeploymentPostprocessing = 0;
		};
		FA652B4A1AD216F50049752F /* Frameworks */ = {
			isa = PBXFrameworksBuildPhase;
			buildActionMask = 2147483647;
			files = (
			);
			runOnlyForDeploymentPostprocessing = 0;
		};
/* End PBXFrameworksBuildPhase section */

/* Begin PBXGroup section */
		FA652B2F1AD216F50049752F = {
			isa = PBXGroup;
			children = (
				FA652B3A1AD216F50049752F /* PitchPerfect */,
				FA652B501AD216F50049752F /* PitchPerfectTests */,
				FA652B391AD216F50049752F /* Products */,
			);
			sourceTree = "<group>";
		};
		FA652B391AD216F50049752F /* Products */ = {
			isa = PBXGroup;
			children = (
				FA652B381AD216F50049752F /* PitchPerfect.app */,
				FA652B4D1AD216F50049752F /* PitchPerfectTests.xctest */,
			);
			name = Products;
			sourceTree = "<group>";
		};
		FA652B3A1AD216F50049752F /* PitchPerfect */ = {
			isa = PBXGroup;
			children = (
				FA652B411AD216F50049752F /* Main.storyboard */,
				FA652B3D1AD216F50049752F /* AppDelegate.swift */,
				FA652B3F1AD216F50049752F /* RecordSoundsViewController.swift */,
				FA652B441AD216F50049752F /* Images.xcassets */,
				FA652B461AD216F50049752F /* LaunchScreen.xib */,
				FA652B3B1AD216F50049752F /* Supporting Files */,
				FADF21611AD4AFC400109F29 /* PlaySoundsViewController.swift */,
			);
			path = PitchPerfect;
			sourceTree = "<group>";
		};
		FA652B3B1AD216F50049752F /* Supporting Files */ = {
			isa = PBXGroup;
			children = (
				FADF21631AD4B1FA00109F29 /* movie_quote.mp3 */,
				FA652B3C1AD216F50049752F /* Info.plist */,
			);
			name = "Supporting Files";
			sourceTree = "<group>";
		};
		FA652B501AD216F50049752F /* PitchPerfectTests */ = {
			isa = PBXGroup;
			children = (
				FA652B531AD216F50049752F /* PitchPerfectTests.swift */,
				FA652B511AD216F50049752F /* Supporting Files */,
			);
			path = PitchPerfectTests;
			sourceTree = "<group>";
		};
		FA652B511AD216F50049752F /* Supporting Files */ = {
			isa = PBXGroup;
			children = (
				FA652B521AD216F50049752F /* Info.plist */,
			);
			name = "Supporting Files";
			sourceTree = "<group>";
		};
/* End PBXGroup section */

/* Begin PBXNativeTarget section */
		FA652B371AD216F50049752F /* PitchPerfect */ = {
			isa = PBXNativeTarget;
			buildConfigurationList = FA652B571AD216F50049752F /* Build configuration list for PBXNativeTarget "PitchPerfect" */;
			buildPhases = (
				FA652B341AD216F50049752F /* Sources */,
				FA652B351AD216F50049752F /* Frameworks */,
				FA652B361AD216F50049752F /* Resources */,
			);
			buildRules = (
			);
			dependencies = (
			);
			name = PitchPerfect;
			productName = PitchPerfect;
			productReference = FA652B381AD216F50049752F /* PitchPerfect.app */;
			productType = "com.apple.product-type.application";
		};
		FA652B4C1AD216F50049752F /* PitchPerfectTests */ = {
			isa = PBXNativeTarget;
			buildConfigurationList = FA652B5A1AD216F50049752F /* Build configuration list for PBXNativeTarget "PitchPerfectTests" */;
			buildPhases = (
				FA652B491AD216F50049752F /* Sources */,
				FA652B4A1AD216F50049752F /* Frameworks */,
				FA652B4B1AD216F50049752F /* Resources */,
			);
			buildRules = (
			);
			dependencies = (
				FA652B4F1AD216F50049752F /* PBXTargetDependency */,
			);
			name = PitchPerfectTests;
			productName = PitchPerfectTests;
			productReference = FA652B4D1AD216F50049752F /* PitchPerfectTests.xctest */;
			productType = "com.apple.product-type.bundle.unit-test";
		};
/* End PBXNativeTarget section */

/* Begin PBXProject section */
		FA652B301AD216F50049752F /* Project object */ = {
			isa = PBXProject;
			attributes = {
				LastUpgradeCheck = 0610;
				ORGANIZATIONNAME = "P & CW Studios";
				TargetAttributes = {
					FA652B371AD216F50049752F = {
						CreatedOnToolsVersion = 6.1;
						DevelopmentTeam = FEL3XQE4K5;
					};
					FA652B4C1AD216F50049752F = {
						CreatedOnToolsVersion = 6.1;
						TestTargetID = FA652B371AD216F50049752F;
					};
				};
			};
			buildConfigurationList = FA652B331AD216F50049752F /* Build configuration list for PBXProject "PitchPerfect" */;
			compatibilityVersion = "Xcode 3.2";
			developmentRegion = English;
			hasScannedForEncodings = 0;
			knownRegions = (
				en,
				Base,
			);
			mainGroup = FA652B2F1AD216F50049752F;
			productRefGroup = FA652B391AD216F50049752F /* Products */;
			projectDirPath = "";
			projectRoot = "";
			targets = (
				FA652B371AD216F50049752F /* PitchPerfect */,
				FA652B4C1AD216F50049752F /* PitchPerfectTests */,
			);
		};
/* End PBXProject section */

/* Begin PBXResourcesBuildPhase section */
		FA652B361AD216F50049752F /* Resources */ = {
			isa = PBXResourcesBuildPhase;
			buildActionMask = 2147483647;
			files = (
				FA652B431AD216F50049752F /* Main.storyboard in Resources */,
				FA652B481AD216F50049752F /* LaunchScreen.xib in Resources */,
				FADF21641AD4B1FA00109F29 /* movie_quote.mp3 in Resources */,
				FA652B451AD216F50049752F /* Images.xcassets in Resources */,
			);
			runOnlyForDeploymentPostprocessing = 0;
		};
		FA652B4B1AD216F50049752F /* Resources */ = {
			isa = PBXResourcesBuildPhase;
			buildActionMask = 2147483647;
			files = (
			);
			runOnlyForDeploymentPostprocessing = 0;
		};
/* End PBXResourcesBuildPhase section */

/* Begin PBXSourcesBuildPhase section */
		FA652B341AD216F50049752F /* Sources */ = {
			isa = PBXSourcesBuildPhase;
			buildActionMask = 2147483647;
			files = (
				FA652B401AD216F50049752F /* RecordSoundsViewController.swift in Sources */,
				FADF21621AD4AFC400109F29 /* PlaySoundsViewController.swift in Sources */,
				FA652B3E1AD216F50049752F /* AppDelegate.swift in Sources */,
			);
			runOnlyForDeploymentPostprocessing = 0;
		};
		FA652B491AD216F50049752F /* Sources */ = {
			isa = PBXSourcesBuildPhase;
			buildActionMask = 2147483647;
			files = (
				FA652B541AD216F50049752F /* PitchPerfectTests.swift in Sources */,
			);
			runOnlyForDeploymentPostprocessing = 0;
		};
/* End PBXSourcesBuildPhase section */

/* Begin PBXTargetDependency section */
		FA652B4F1AD216F50049752F /* PBXTargetDependency */ = {
			isa = PBXTargetDependency;
			target = FA652B371AD216F50049752F /* PitchPerfect */;
			targetProxy = FA652B4E1AD216F50049752F /* PBXContainerItemProxy */;
		};
/* End PBXTargetDependency section */

/* Begin PBXVariantGroup section */
		FA652B411AD216F50049752F /* Main.storyboard */ = {
			isa = PBXVariantGroup;
			children = (
				FA652B421AD216F50049752F /* Base */,
			);
			name = Main.storyboard;
			sourceTree = "<group>";
		};
		FA652B461AD216F50049752F /* LaunchScreen.xib */ = {
			isa = PBXVariantGroup;
			children = (
				FA652B471AD216F50049752F /* Base */,
			);
			name = LaunchScreen.xib;
			sourceTree = "<group>";
		};
/* End PBXVariantGroup section */

/* Begin XCBuildConfiguration section */
		FA652B551AD216F50049752F /* Debug */ = {
			isa = XCBuildConfiguration;
			buildSettings = {
				ALWAYS_SEARCH_USER_PATHS = NO;
				CLANG_CXX_LANGUAGE_STANDARD = "gnu++0x";
				CLANG_CXX_LIBRARY = "libc++";
				CLANG_ENABLE_MODULES = YES;
				CLANG_ENABLE_OBJC_ARC = YES;
				CLANG_WARN_BOOL_CONVERSION = YES;
				CLANG_WARN_CONSTANT_CONVERSION = YES;
				CLANG_WARN_DIRECT_OBJC_ISA_USAGE = YES_ERROR;
				CLANG_WARN_EMPTY_BODY = YES;
				CLANG_WARN_ENUM_CONVERSION = YES;
				CLANG_WARN_INT_CONVERSION = YES;
				CLANG_WARN_OBJC_ROOT_CLASS = YES_ERROR;
				CLANG_WARN_UNREACHABLE_CODE = YES;
				CLANG_WARN__DUPLICATE_METHOD_MATCH = YES;
				"CODE_SIGN_IDENTITY[sdk=iphoneos*]" = "iPhone Developer";
				COPY_PHASE_STRIP = NO;
				ENABLE_STRICT_OBJC_MSGSEND = YES;
				GCC_C_LANGUAGE_STANDARD = gnu99;
				GCC_DYNAMIC_NO_PIC = NO;
				GCC_OPTIMIZATION_LEVEL = 0;
				GCC_PREPROCESSOR_DEFINITIONS = (
					"DEBUG=1",
					"$(inherited)",
				);
				GCC_SYMBOLS_PRIVATE_EXTERN = NO;
				GCC_WARN_64_TO_32_BIT_CONVERSION = YES;
				GCC_WARN_ABOUT_RETURN_TYPE = YES_ERROR;
				GCC_WARN_UNDECLARED_SELECTOR = YES;
				GCC_WARN_UNINITIALIZED_AUTOS = YES_AGGRESSIVE;
				GCC_WARN_UNUSED_FUNCTION = YES;
				GCC_WARN_UNUSED_VARIABLE = YES;
				IPHONEOS_DEPLOYMENT_TARGET = 8.1;
				MTL_ENABLE_DEBUG_INFO = YES;
				ONLY_ACTIVE_ARCH = YES;
				SDKROOT = iphoneos;
				SWIFT_OPTIMIZATION_LEVEL = "-Onone";
			};
			name = Debug;
		};
		FA652B561AD216F50049752F /* Release */ = {
			isa = XCBuildConfiguration;
			buildSettings = {
				ALWAYS_SEARCH_USER_PATHS = NO;
				CLANG_CXX_LANGUAGE_STANDARD = "gnu++0x";
				CLANG_CXX_LIBRARY = "libc++";
				CLANG_ENABLE_MODULES = YES;
				CLANG_ENABLE_OBJC_ARC = YES;
				CLANG_WARN_BOOL_CONVERSION = YES;
				CLANG_WARN_CONSTANT_CONVERSION = YES;
				CLANG_WARN_DIRECT_OBJC_ISA_USAGE = YES_ERROR;
				CLANG_WARN_EMPTY_BODY = YES;
				CLANG_WARN_ENUM_CONVERSION = YES;
				CLANG_WARN_INT_CONVERSION = YES;
				CLANG_WARN_OBJC_ROOT_CLASS = YES_ERROR;
				CLANG_WARN_UNREACHABLE_CODE = YES;
				CLANG_WARN__DUPLICATE_METHOD_MATCH = YES;
				"CODE_SIGN_IDENTITY[sdk=iphoneos*]" = "iPhone Developer";
				COPY_PHASE_STRIP = YES;
				ENABLE_NS_ASSERTIONS = NO;
				ENABLE_STRICT_OBJC_MSGSEND = YES;
				GCC_C_LANGUAGE_STANDARD = gnu99;
				GCC_WARN_64_TO_32_BIT_CONVERSION = YES;
				GCC_WARN_ABOUT_RETURN_TYPE = YES_ERROR;
				GCC_WARN_UNDECLARED_SELECTOR = YES;
				GCC_WARN_UNINITIALIZED_AUTOS = YES_AGGRESSIVE;
				GCC_WARN_UNUSED_FUNCTION = YES;
				GCC_WARN_UNUSED_VARIABLE = YES;
				IPHONEOS_DEPLOYMENT_TARGET = 8.1;
				MTL_ENABLE_DEBUG_INFO = NO;
				SDKROOT = iphoneos;
				VALIDATE_PRODUCT = YES;
			};
			name = Release;
		};
		FA652B581AD216F50049752F /* Debug */ = {
			isa = XCBuildConfiguration;
			buildSettings = {
				ASSETCATALOG_COMPILER_APPICON_NAME = AppIcon;
				CODE_SIGN_IDENTITY = "iPhone Developer";
				INFOPLIST_FILE = PitchPerfect/Info.plist;
				LD_RUNPATH_SEARCH_PATHS = "$(inherited) @executable_path/Frameworks";
				PRODUCT_NAME = "$(TARGET_NAME)";
			};
			name = Debug;
		};
		FA652B591AD216F50049752F /* Release */ = {
			isa = XCBuildConfiguration;
			buildSettings = {
				ASSETCATALOG_COMPILER_APPICON_NAME = AppIcon;
				CODE_SIGN_IDENTITY = "iPhone Developer";
				INFOPLIST_FILE = PitchPerfect/Info.plist;
				LD_RUNPATH_SEARCH_PATHS = "$(inherited) @executable_path/Frameworks";
				PRODUCT_NAME = "$(TARGET_NAME)";
			};
			name = Release;
		};
		FA652B5B1AD216F50049752F /* Debug */ = {
			isa = XCBuildConfiguration;
			buildSettings = {
				BUNDLE_LOADER = "$(TEST_HOST)";
				FRAMEWORK_SEARCH_PATHS = (
					"$(SDKROOT)/Developer/Library/Frameworks",
					"$(inherited)",
				);
				GCC_PREPROCESSOR_DEFINITIONS = (
					"DEBUG=1",
					"$(inherited)",
				);
				INFOPLIST_FILE = PitchPerfectTests/Info.plist;
				LD_RUNPATH_SEARCH_PATHS = "$(inherited) @executable_path/Frameworks @loader_path/Frameworks";
				PRODUCT_NAME = "$(TARGET_NAME)";
				TEST_HOST = "$(BUILT_PRODUCTS_DIR)/PitchPerfect.app/PitchPerfect";
			};
			name = Debug;
		};
		FA652B5C1AD216F50049752F /* Release */ = {
			isa = XCBuildConfiguration;
			buildSettings = {
				BUNDLE_LOADER = "$(TEST_HOST)";
				FRAMEWORK_SEARCH_PATHS = (
					"$(SDKROOT)/Developer/Library/Frameworks",
					"$(inherited)",
				);
				INFOPLIST_FILE = PitchPerfectTests/Info.plist;
				LD_RUNPATH_SEARCH_PATHS = "$(inherited) @executable_path/Frameworks @loader_path/Frameworks";
				PRODUCT_NAME = "$(TARGET_NAME)";
				TEST_HOST = "$(BUILT_PRODUCTS_DIR)/PitchPerfect.app/PitchPerfect";
			};
			name = Release;
		};
/* End XCBuildConfiguration section */

/* Begin XCConfigurationList section */
		FA652B331AD216F50049752F /* Build configuration list for PBXProject "PitchPerfect" */ = {
			isa = XCConfigurationList;
			buildConfigurations = (
				FA652B551AD216F50049752F /* Debug */,
				FA652B561AD216F50049752F /* Release */,
			);
			defaultConfigurationIsVisible = 0;
			defaultConfigurationName = Release;
		};
		FA652B571AD216F50049752F /* Build configuration list for PBXNativeTarget "PitchPerfect" */ = {
			isa = XCConfigurationList;
			buildConfigurations = (
				FA652B581AD216F50049752F /* Debug */,
				FA652B591AD216F50049752F /* Release */,
			);
			defaultConfigurationIsVisible = 0;
			defaultConfigurationName = Release;
		};
		FA652B5A1AD216F50049752F /* Build configuration list for PBXNativeTarget "PitchPerfectTests" */ = {
			isa = XCConfigurationList;
			buildConfigurations = (
				FA652B5B1AD216F50049752F /* Debug */,
				FA652B5C1AD216F50049752F /* Release */,
			);
			defaultConfigurationIsVisible = 0;
			defaultConfigurationName = Release;
		};
/* End XCConfigurationList section */
	};
	rootObject = FA652B301AD216F50049752F /* Project object */;
}
